
Microsoft Visual Studio Solution File, Format Version 12.00
# Visual Studio 2013
VisualStudioVersion = 12.0.31101.0
MinimumVisualStudioVersion = 10.0.40219.1
Project("{2150E333-8FDC-42A3-9474-1A3956D46DE8}") = "1 - Tests", "1 - Tests", "{8A5396B1-15D9-4A65-8758-698127D7BA96}"
EndProject
Project("{2150E333-8FDC-42A3-9474-1A3956D46DE8}") = "3 - Domain", "3 - Domain", "{2B4BD4A3-5B2F-4A72-927F-DC5D901CD665}"
EndProject
Project("{2150E333-8FDC-42A3-9474-1A3956D46DE8}") = "2 - Data", "2 - Data", "{1C4D4EF8-D432-4C12-8F2C-5D72968DD9E8}"
EndProject
Project("{2150E333-8FDC-42A3-9474-1A3956D46DE8}") = "4 - Application", "4 - Application", "{FF768540-148F-41C0-A13E-C85F2F9D38D7}"
EndProject
Project("{2150E333-8FDC-42A3-9474-1A3956D46DE8}") = "5 - Presentation", "5 - Presentation", "{91B783CF-F47D-49AB-A7EB-8D6BA22B0CD9}"
EndProject
Project("{2150E333-8FDC-42A3-9474-1A3956D46DE8}") = "0 - Documentation", "0 - Documentation", "{FE3F6273-A434-4015-B55B-5C9011C5368B}"
EndProject
Project("{F088123C-0E9E-452A-89E6-6BA2F21D5CAC}") = "DeusCumpre.ModelingProject", "DeusCumpre.ModelingProject\DeusCumpre.ModelingProject.modelproj", "{92C6E696-31BE-47FD-B777-BC12F8D7ED4F}"
EndProject
Global
	GlobalSection(SolutionConfigurationPlatforms) = preSolution
		Debug|Any CPU = Debug|Any CPU
		Release|Any CPU = Release|Any CPU
	EndGlobalSection
	GlobalSection(ProjectConfigurationPlatforms) = postSolution
		{92C6E696-31BE-47FD-B777-BC12F8D7ED4F}.Debug|Any CPU.ActiveCfg = Debug|Any CPU
		{92C6E696-31BE-47FD-B777-BC12F8D7ED4F}.Debug|Any CPU.Build.0 = Debug|Any CPU
		{92C6E696-31BE-47FD-B777-BC12F8D7ED4F}.Release|Any CPU.ActiveCfg = Release|Any CPU
		{92C6E696-31BE-47FD-B777-BC12F8D7ED4F}.Release|Any CPU.Build.0 = Release|Any CPU
	EndGlobalSection
	GlobalSection(SolutionProperties) = preSolution
		HideSolutionNode = FALSE
	EndGlobalSection
	GlobalSection(NestedProjects) = preSolution
		{92C6E696-31BE-47FD-B777-BC12F8D7ED4F} = {FE3F6273-A434-4015-B55B-5C9011C5368B}
	EndGlobalSection
EndGlobal
